
Microsoft Visual Studio Solution File, Format Version 12.00
# Visual Studio Version 16
VisualStudioVersion = 16.0.31729.503
MinimumVisualStudioVersion = 10.0.40219.1
Project("{FAE04EC0-301F-11D3-BF4B-00C04F79EFBC}") = "NeteaseCloudMusicApi", "NeteaseCloudMusicApi\NeteaseCloudMusicApi.csproj", "{D0AFC8EA-DA68-49B1-AB65-7565041D67B8}"
EndProject
Global
	GlobalSection(SolutionConfigurationPlatforms) = preSolution
		Debug|Any CPU = Debug|Any CPU
		Release|Any CPU = Release|Any CPU
	EndGlobalSection
	GlobalSection(ProjectConfigurationPlatforms) = postSolution
		{D0AFC8EA-DA68-49B1-AB65-7565041D67B8}.Debug|Any CPU.ActiveCfg = Debug|Any CPU
		{D0AFC8EA-DA68-49B1-AB65-7565041D67B8}.Debug|Any CPU.Build.0 = Debug|Any CPU
		{D0AFC8EA-DA68-49B1-AB65-7565041D67B8}.Release|Any CPU.ActiveCfg = Release|Any CPU
		{D0AFC8EA-DA68-49B1-AB65-7565041D67B8}.Release|Any CPU.Build.0 = Release|Any CPU
	EndGlobalSection
	GlobalSection(SolutionProperties) = preSolution
		HideSolutionNode = FALSE
	EndGlobalSection
	GlobalSection(ExtensibilityGlobals) = postSolution
		SolutionGuid = {EF9DF670-B01A-4513-95FD-50DCA9DA0B39}
	EndGlobalSection
EndGlobal
